// !$*UTF8*$!
{
	archiveVersion = 1;
	classes = {
	};
	objectVersion = 50;
	objects = {

/* Begin PBXBuildFile section */
		4409D1C026932A01001944F4 /* AppDelegate.swift in Sources */ = {isa = PBXBuildFile; fileRef = 4409D1BF26932A01001944F4 /* AppDelegate.swift */; };
		4409D1C226932A01001944F4 /* SceneDelegate.swift in Sources */ = {isa = PBXBuildFile; fileRef = 4409D1C126932A01001944F4 /* SceneDelegate.swift */; };
		4409D1CA26932A01001944F4 /* Notes.xcdatamodeld in Resources */ = {isa = PBXBuildFile; fileRef = 4409D1C826932A01001944F4 /* Notes.xcdatamodeld */; };
		4409D1DE26932B99001944F4 /* NotesListViewController.swift in Sources */ = {isa = PBXBuildFile; fileRef = 4409D1DD26932B99001944F4 /* NotesListViewController.swift */; };
		4409D1E026932C75001944F4 /* NotesEditViewController.swift in Sources */ = {isa = PBXBuildFile; fileRef = 4409D1DF26932C75001944F4 /* NotesEditViewController.swift */; };
		4409D1E326932CD2001944F4 /* NotesListTableDelegate.swift in Sources */ = {isa = PBXBuildFile; fileRef = 4409D1E226932CD2001944F4 /* NotesListTableDelegate.swift */; };
		4409D1E826932D95001944F4 /* Note+CoreDataClass.swift in Sources */ = {isa = PBXBuildFile; fileRef = 4409D1E626932D95001944F4 /* Note+CoreDataClass.swift */; };
		4409D1E926932D95001944F4 /* Note+CoreDataProperties.swift in Sources */ = {isa = PBXBuildFile; fileRef = 4409D1E726932D95001944F4 /* Note+CoreDataProperties.swift */; };
		4409D1EB26932DCA001944F4 /* CoreDataNotesService.swift in Sources */ = {isa = PBXBuildFile; fileRef = 4409D1EA26932DCA001944F4 /* CoreDataNotesService.swift */; };
		4409D1ED26932E68001944F4 /* NotesListTableDataSource.swift in Sources */ = {isa = PBXBuildFile; fileRef = 4409D1EC26932E68001944F4 /* NotesListTableDataSource.swift */; };
		4409D1EF26932EB5001944F4 /* NotesListTableCell.swift in Sources */ = {isa = PBXBuildFile; fileRef = 4409D1EE26932EB5001944F4 /* NotesListTableCell.swift */; };
		4409D1F126933146001944F4 /* INoteUpdateDelegate.swift in Sources */ = {isa = PBXBuildFile; fileRef = 4409D1F026933146001944F4 /* INoteUpdateDelegate.swift */; };
		4409D1F3269331F7001944F4 /* NotesListSearchBarDelegate.swift in Sources */ = {isa = PBXBuildFile; fileRef = 4409D1F2269331F7001944F4 /* NotesListSearchBarDelegate.swift */; };
		4409D1F526933290001944F4 /* NotesListUpdateDelegate.swift in Sources */ = {isa = PBXBuildFile; fileRef = 4409D1F426933290001944F4 /* NotesListUpdateDelegate.swift */; };
/* End PBXBuildFile section */

/* Begin PBXFileReference section */
		4409D1BC26932A01001944F4 /* Notes.app */ = {isa = PBXFileReference; explicitFileType = wrapper.application; includeInIndex = 0; path = Notes.app; sourceTree = BUILT_PRODUCTS_DIR; };
		4409D1BF26932A01001944F4 /* AppDelegate.swift */ = {isa = PBXFileReference; lastKnownFileType = sourcecode.swift; path = AppDelegate.swift; sourceTree = "<group>"; };
		4409D1C126932A01001944F4 /* SceneDelegate.swift */ = {isa = PBXFileReference; lastKnownFileType = sourcecode.swift; path = SceneDelegate.swift; sourceTree = "<group>"; };
		4409D1C926932A01001944F4 /* Notes.xcdatamodel */ = {isa = PBXFileReference; lastKnownFileType = wrapper.xcdatamodel; path = Notes.xcdatamodel; sourceTree = "<group>"; };
		4409D1CB26932A02001944F4 /* Assets.xcassets */ = {isa = PBXFileReference; lastKnownFileType = folder.assetcatalog; path = Assets.xcassets; sourceTree = "<group>"; };
		4409D1D026932A02001944F4 /* Info.plist */ = {isa = PBXFileReference; lastKnownFileType = text.plist.xml; path = Info.plist; sourceTree = "<group>"; };
		4409D1DD26932B99001944F4 /* NotesListViewController.swift */ = {isa = PBXFileReference; lastKnownFileType = sourcecode.swift; path = NotesListViewController.swift; sourceTree = "<group>"; };
		4409D1DF26932C75001944F4 /* NotesEditViewController.swift */ = {isa = PBXFileReference; lastKnownFileType = sourcecode.swift; path = NotesEditViewController.swift; sourceTree = "<group>"; };
		4409D1E226932CD2001944F4 /* NotesListTableDelegate.swift */ = {isa = PBXFileReference; lastKnownFileType = sourcecode.swift; path = NotesListTableDelegate.swift; sourceTree = "<group>"; };
		4409D1E626932D95001944F4 /* Note+CoreDataClass.swift */ = {isa = PBXFileReference; lastKnownFileType = sourcecode.swift; path = "Note+CoreDataClass.swift"; sourceTree = "<group>"; };
		4409D1E726932D95001944F4 /* Note+CoreDataProperties.swift */ = {isa = PBXFileReference; lastKnownFileType = sourcecode.swift; path = "Note+CoreDataProperties.swift"; sourceTree = "<group>"; };
		4409D1EA26932DCA001944F4 /* CoreDataNotesService.swift */ = {isa = PBXFileReference; lastKnownFileType = sourcecode.swift; path = CoreDataNotesService.swift; sourceTree = "<group>"; };
		4409D1EC26932E68001944F4 /* NotesListTableDataSource.swift */ = {isa = PBXFileReference; lastKnownFileType = sourcecode.swift; path = NotesListTableDataSource.swift; sourceTree = "<group>"; };
		4409D1EE26932EB5001944F4 /* NotesListTableCell.swift */ = {isa = PBXFileReference; lastKnownFileType = sourcecode.swift; path = NotesListTableCell.swift; sourceTree = "<group>"; };
		4409D1F026933146001944F4 /* INoteUpdateDelegate.swift */ = {isa = PBXFileReference; lastKnownFileType = sourcecode.swift; path = INoteUpdateDelegate.swift; sourceTree = "<group>"; };
		4409D1F2269331F7001944F4 /* NotesListSearchBarDelegate.swift */ = {isa = PBXFileReference; lastKnownFileType = sourcecode.swift; path = NotesListSearchBarDelegate.swift; sourceTree = "<group>"; };
		4409D1F426933290001944F4 /* NotesListUpdateDelegate.swift */ = {isa = PBXFileReference; lastKnownFileType = sourcecode.swift; path = NotesListUpdateDelegate.swift; sourceTree = "<group>"; };
/* End PBXFileReference section */

/* Begin PBXFrameworksBuildPhase section */
		4409D1B926932A01001944F4 /* Frameworks */ = {
			isa = PBXFrameworksBuildPhase;
			buildActionMask = 2147483647;
			files = (
			);
			runOnlyForDeploymentPostprocessing = 0;
		};
/* End PBXFrameworksBuildPhase section */

/* Begin PBXGroup section */
		4409D1B326932A01001944F4 = {
			isa = PBXGroup;
			children = (
				4409D1BE26932A01001944F4 /* Notes */,
				4409D1BD26932A01001944F4 /* Products */,
			);
			sourceTree = "<group>";
		};
		4409D1BD26932A01001944F4 /* Products */ = {
			isa = PBXGroup;
			children = (
				4409D1BC26932A01001944F4 /* Notes.app */,
			);
			name = Products;
			sourceTree = "<group>";
		};
		4409D1BE26932A01001944F4 /* Notes */ = {
			isa = PBXGroup;
			children = (
				4409D1D826932A55001944F4 /* Service Layer */,
				4409D1D726932A49001944F4 /* Presentation Layer */,
				4409D1D626932A41001944F4 /* Core Layer */,
				4409D1BF26932A01001944F4 /* AppDelegate.swift */,
				4409D1C126932A01001944F4 /* SceneDelegate.swift */,
				4409D1CB26932A02001944F4 /* Assets.xcassets */,
				4409D1D026932A02001944F4 /* Info.plist */,
			);
			path = Notes;
			sourceTree = "<group>";
		};
		4409D1D626932A41001944F4 /* Core Layer */ = {
			isa = PBXGroup;
			children = (
				4409D1DC26932AB1001944F4 /* Models */,
				4409D1C826932A01001944F4 /* Notes.xcdatamodeld */,
			);
			path = "Core Layer";
			sourceTree = "<group>";
		};
		4409D1D726932A49001944F4 /* Presentation Layer */ = {
			isa = PBXGroup;
			children = (
				4409D1DB26932A9B001944F4 /* Notes */,
			);
			path = "Presentation Layer";
			sourceTree = "<group>";
		};
		4409D1D826932A55001944F4 /* Service Layer */ = {
			isa = PBXGroup;
			children = (
				4409D1E426932D67001944F4 /* CoreDataProvider */,
			);
			path = "Service Layer";
			sourceTree = "<group>";
		};
		4409D1D926932A8B001944F4 /* List */ = {
			isa = PBXGroup;
			children = (
				4409D1DD26932B99001944F4 /* NotesListViewController.swift */,
				4409D1E126932CA4001944F4 /* Table */,
				4409D1F2269331F7001944F4 /* NotesListSearchBarDelegate.swift */,
				4409D1F426933290001944F4 /* NotesListUpdateDelegate.swift */,
			);
			path = List;
			sourceTree = "<group>";
		};
		4409D1DA26932A93001944F4 /* Edit */ = {
			isa = PBXGroup;
			children = (
				4409D1DF26932C75001944F4 /* NotesEditViewController.swift */,
				4409D1F026933146001944F4 /* INoteUpdateDelegate.swift */,
			);
			path = Edit;
			sourceTree = "<group>";
		};
		4409D1DB26932A9B001944F4 /* Notes */ = {
			isa = PBXGroup;
			children = (
				4409D1D926932A8B001944F4 /* List */,
				4409D1DA26932A93001944F4 /* Edit */,
			);
			path = Notes;
			sourceTree = "<group>";
		};
		4409D1DC26932AB1001944F4 /* Models */ = {
			isa = PBXGroup;
			children = (
				4409D1E626932D95001944F4 /* Note+CoreDataClass.swift */,
				4409D1E726932D95001944F4 /* Note+CoreDataProperties.swift */,
			);
			path = Models;
			sourceTree = "<group>";
		};
		4409D1E126932CA4001944F4 /* Table */ = {
			isa = PBXGroup;
			children = (
				4409D1E226932CD2001944F4 /* NotesListTableDelegate.swift */,
				4409D1EC26932E68001944F4 /* NotesListTableDataSource.swift */,
				4409D1EE26932EB5001944F4 /* NotesListTableCell.swift */,
			);
			path = Table;
			sourceTree = "<group>";
		};
		4409D1E426932D67001944F4 /* CoreDataProvider */ = {
			isa = PBXGroup;
			children = (
				4409D1E526932D78001944F4 /* Notes */,
			);
			path = CoreDataProvider;
			sourceTree = "<group>";
		};
		4409D1E526932D78001944F4 /* Notes */ = {
			isa = PBXGroup;
			children = (
				4409D1EA26932DCA001944F4 /* CoreDataNotesService.swift */,
			);
			path = Notes;
			sourceTree = "<group>";
		};
/* End PBXGroup section */

/* Begin PBXNativeTarget section */
		4409D1BB26932A01001944F4 /* Notes */ = {
			isa = PBXNativeTarget;
			buildConfigurationList = 4409D1D326932A02001944F4 /* Build configuration list for PBXNativeTarget "Notes" */;
			buildPhases = (
				4409D1B826932A01001944F4 /* Sources */,
				4409D1B926932A01001944F4 /* Frameworks */,
				4409D1BA26932A01001944F4 /* Resources */,
			);
			buildRules = (
			);
			dependencies = (
			);
			name = Notes;
			productName = Notes;
			productReference = 4409D1BC26932A01001944F4 /* Notes.app */;
			productType = "com.apple.product-type.application";
		};
/* End PBXNativeTarget section */

/* Begin PBXProject section */
		4409D1B426932A01001944F4 /* Project object */ = {
			isa = PBXProject;
			attributes = {
				LastSwiftUpdateCheck = 1250;
				LastUpgradeCheck = 1250;
				TargetAttributes = {
					4409D1BB26932A01001944F4 = {
						CreatedOnToolsVersion = 12.5.1;
					};
				};
			};
			buildConfigurationList = 4409D1B726932A01001944F4 /* Build configuration list for PBXProject "Notes" */;
			compatibilityVersion = "Xcode 9.3";
			developmentRegion = en;
			hasScannedForEncodings = 0;
			knownRegions = (
				en,
				Base,
			);
			mainGroup = 4409D1B326932A01001944F4;
			productRefGroup = 4409D1BD26932A01001944F4 /* Products */;
			projectDirPath = "";
			projectRoot = "";
			targets = (
				4409D1BB26932A01001944F4 /* Notes */,
			);
		};
/* End PBXProject section */

/* Begin PBXResourcesBuildPhase section */
		4409D1BA26932A01001944F4 /* Resources */ = {
			isa = PBXResourcesBuildPhase;
			buildActionMask = 2147483647;
			files = (
				4409D1CA26932A01001944F4 /* Notes.xcdatamodeld in Resources */,
			);
			runOnlyForDeploymentPostprocessing = 0;
		};
/* End PBXResourcesBuildPhase section */

/* Begin PBXSourcesBuildPhase section */
		4409D1B826932A01001944F4 /* Sources */ = {
			isa = PBXSourcesBuildPhase;
			buildActionMask = 2147483647;
			files = (
				4409D1DE26932B99001944F4 /* NotesListViewController.swift in Sources */,
				4409D1F126933146001944F4 /* INoteUpdateDelegate.swift in Sources */,
				4409D1E926932D95001944F4 /* Note+CoreDataProperties.swift in Sources */,
				4409D1EF26932EB5001944F4 /* NotesListTableCell.swift in Sources */,
				4409D1E826932D95001944F4 /* Note+CoreDataClass.swift in Sources */,
				4409D1ED26932E68001944F4 /* NotesListTableDataSource.swift in Sources */,
				4409D1C026932A01001944F4 /* AppDelegate.swift in Sources */,
				4409D1F526933290001944F4 /* NotesListUpdateDelegate.swift in Sources */,
				4409D1C226932A01001944F4 /* SceneDelegate.swift in Sources */,
				4409D1F3269331F7001944F4 /* NotesListSearchBarDelegate.swift in Sources */,
				4409D1E326932CD2001944F4 /* NotesListTableDelegate.swift in Sources */,
				4409D1E026932C75001944F4 /* NotesEditViewController.swift in Sources */,
				4409D1EB26932DCA001944F4 /* CoreDataNotesService.swift in Sources */,
			);
			runOnlyForDeploymentPostprocessing = 0;
		};
/* End PBXSourcesBuildPhase section */

/* Begin XCBuildConfiguration section */
		4409D1D126932A02001944F4 /* Debug */ = {
			isa = XCBuildConfiguration;
			buildSettings = {
				ALWAYS_SEARCH_USER_PATHS = NO;
				CLANG_ANALYZER_NONNULL = YES;
				CLANG_ANALYZER_NUMBER_OBJECT_CONVERSION = YES_AGGRESSIVE;
				CLANG_CXX_LANGUAGE_STANDARD = "gnu++14";
				CLANG_CXX_LIBRARY = "libc++";
				CLANG_ENABLE_MODULES = YES;
				CLANG_ENABLE_OBJC_ARC = YES;
				CLANG_ENABLE_OBJC_WEAK = YES;
				CLANG_WARN_BLOCK_CAPTURE_AUTORELEASING = YES;
				CLANG_WARN_BOOL_CONVERSION = YES;
				CLANG_WARN_COMMA = YES;
				CLANG_WARN_CONSTANT_CONVERSION = YES;
				CLANG_WARN_DEPRECATED_OBJC_IMPLEMENTATIONS = YES;
				CLANG_WARN_DIRECT_OBJC_ISA_USAGE = YES_ERROR;
				CLANG_WARN_DOCUMENTATION_COMMENTS = YES;
				CLANG_WARN_EMPTY_BODY = YES;
				CLANG_WARN_ENUM_CONVERSION = YES;
				CLANG_WARN_INFINITE_RECURSION = YES;
				CLANG_WARN_INT_CONVERSION = YES;
				CLANG_WARN_NON_LITERAL_NULL_CONVERSION = YES;
				CLANG_WARN_OBJC_IMPLICIT_RETAIN_SELF = YES;
				CLANG_WARN_OBJC_LITERAL_CONVERSION = YES;
				CLANG_WARN_OBJC_ROOT_CLASS = YES_ERROR;
				CLANG_WARN_QUOTED_INCLUDE_IN_FRAMEWORK_HEADER = YES;
				CLANG_WARN_RANGE_LOOP_ANALYSIS = YES;
				CLANG_WARN_STRICT_PROTOTYPES = YES;
				CLANG_WARN_SUSPICIOUS_MOVE = YES;
				CLANG_WARN_UNGUARDED_AVAILABILITY = YES_AGGRESSIVE;
				CLANG_WARN_UNREACHABLE_CODE = YES;
				CLANG_WARN__DUPLICATE_METHOD_MATCH = YES;
				COPY_PHASE_STRIP = NO;
				DEBUG_INFORMATION_FORMAT = dwarf;
				ENABLE_STRICT_OBJC_MSGSEND = YES;
				ENABLE_TESTABILITY = YES;
				GCC_C_LANGUAGE_STANDARD = gnu11;
				GCC_DYNAMIC_NO_PIC = NO;
				GCC_NO_COMMON_BLOCKS = YES;
				GCC_OPTIMIZATION_LEVEL = 0;
				GCC_PREPROCESSOR_DEFINITIONS = (
					"DEBUG=1",
					"$(inherited)",
				);
				GCC_WARN_64_TO_32_BIT_CONVERSION = YES;
				GCC_WARN_ABOUT_RETURN_TYPE = YES_ERROR;
				GCC_WARN_UNDECLARED_SELECTOR = YES;
				GCC_WARN_UNINITIALIZED_AUTOS = YES_AGGRESSIVE;
				GCC_WARN_UNUSED_FUNCTION = YES;
				GCC_WARN_UNUSED_VARIABLE = YES;
				IPHONEOS_DEPLOYMENT_TARGET = 14.5;
				MTL_ENABLE_DEBUG_INFO = INCLUDE_SOURCE;
				MTL_FAST_MATH = YES;
				ONLY_ACTIVE_ARCH = YES;
				SDKROOT = iphoneos;
				SWIFT_ACTIVE_COMPILATION_CONDITIONS = DEBUG;
				SWIFT_OPTIMIZATION_LEVEL = "-Onone";
			};
			name = Debug;
		};
		4409D1D226932A02001944F4 /* Release */ = {
			isa = XCBuildConfiguration;
			buildSettings = {
				ALWAYS_SEARCH_USER_PATHS = NO;
				CLANG_ANALYZER_NONNULL = YES;
				CLANG_ANALYZER_NUMBER_OBJECT_CONVERSION = YES_AGGRESSIVE;
				CLANG_CXX_LANGUAGE_STANDARD = "gnu++14";
				CLANG_CXX_LIBRARY = "libc++";
				CLANG_ENABLE_MODULES = YES;
				CLANG_ENABLE_OBJC_ARC = YES;
				CLANG_ENABLE_OBJC_WEAK = YES;
				CLANG_WARN_BLOCK_CAPTURE_AUTORELEASING = YES;
				CLANG_WARN_BOOL_CONVERSION = YES;
				CLANG_WARN_COMMA = YES;
				CLANG_WARN_CONSTANT_CONVERSION = YES;
				CLANG_WARN_DEPRECATED_OBJC_IMPLEMENTATIONS = YES;
				CLANG_WARN_DIRECT_OBJC_ISA_USAGE = YES_ERROR;
				CLANG_WARN_DOCUMENTATION_COMMENTS = YES;
				CLANG_WARN_EMPTY_BODY = YES;
				CLANG_WARN_ENUM_CONVERSION = YES;
				CLANG_WARN_INFINITE_RECURSION = YES;
				CLANG_WARN_INT_CONVERSION = YES;
				CLANG_WARN_NON_LITERAL_NULL_CONVERSION = YES;
				CLANG_WARN_OBJC_IMPLICIT_RETAIN_SELF = YES;
				CLANG_WARN_OBJC_LITERAL_CONVERSION = YES;
				CLANG_WARN_OBJC_ROOT_CLASS = YES_ERROR;
				CLANG_WARN_QUOTED_INCLUDE_IN_FRAMEWORK_HEADER = YES;
				CLANG_WARN_RANGE_LOOP_ANALYSIS = YES;
				CLANG_WARN_STRICT_PROTOTYPES = YES;
				CLANG_WARN_SUSPICIOUS_MOVE = YES;
				CLANG_WARN_UNGUARDED_AVAILABILITY = YES_AGGRESSIVE;
				CLANG_WARN_UNREACHABLE_CODE = YES;
				CLANG_WARN__DUPLICATE_METHOD_MATCH = YES;
				COPY_PHASE_STRIP = NO;
				DEBUG_INFORMATION_FORMAT = "dwarf-with-dsym";
				ENABLE_NS_ASSERTIONS = NO;
				ENABLE_STRICT_OBJC_MSGSEND = YES;
				GCC_C_LANGUAGE_STANDARD = gnu11;
				GCC_NO_COMMON_BLOCKS = YES;
				GCC_WARN_64_TO_32_BIT_CONVERSION = YES;
				GCC_WARN_ABOUT_RETURN_TYPE = YES_ERROR;
				GCC_WARN_UNDECLARED_SELECTOR = YES;
				GCC_WARN_UNINITIALIZED_AUTOS = YES_AGGRESSIVE;
				GCC_WARN_UNUSED_FUNCTION = YES;
				GCC_WARN_UNUSED_VARIABLE = YES;
				IPHONEOS_DEPLOYMENT_TARGET = 14.5;
				MTL_ENABLE_DEBUG_INFO = NO;
				MTL_FAST_MATH = YES;
				SDKROOT = iphoneos;
				SWIFT_COMPILATION_MODE = wholemodule;
				SWIFT_OPTIMIZATION_LEVEL = "-O";
				VALIDATE_PRODUCT = YES;
			};
			name = Release;
		};
		4409D1D426932A02001944F4 /* Debug */ = {
			isa = XCBuildConfiguration;
			buildSettings = {
				ASSETCATALOG_COMPILER_APPICON_NAME = AppIcon;
				ASSETCATALOG_COMPILER_GLOBAL_ACCENT_COLOR_NAME = AccentColor;
				CODE_SIGN_STYLE = Automatic;
				DEVELOPMENT_TEAM = 9J6689CCTF;
				INFOPLIST_FILE = Notes/Info.plist;
				LD_RUNPATH_SEARCH_PATHS = (
					"$(inherited)",
					"@executable_path/Frameworks",
				);
				PRODUCT_BUNDLE_IDENTIFIER = zvaro.Notes;
				PRODUCT_NAME = "$(TARGET_NAME)";
				SWIFT_VERSION = 5.0;
				TARGETED_DEVICE_FAMILY = "1,2";
			};
			name = Debug;
		};
		4409D1D526932A02001944F4 /* Release */ = {
			isa = XCBuildConfiguration;
			buildSettings = {
				ASSETCATALOG_COMPILER_APPICON_NAME = AppIcon;
				ASSETCATALOG_COMPILER_GLOBAL_ACCENT_COLOR_NAME = AccentColor;
				CODE_SIGN_STYLE = Automatic;
				DEVELOPMENT_TEAM = 9J6689CCTF;
				INFOPLIST_FILE = Notes/Info.plist;
				LD_RUNPATH_SEARCH_PATHS = (
					"$(inherited)",
					"@executable_path/Frameworks",
				);
				PRODUCT_BUNDLE_IDENTIFIER = zvaro.Notes;
				PRODUCT_NAME = "$(TARGET_NAME)";
				SWIFT_VERSION = 5.0;
				TARGETED_DEVICE_FAMILY = "1,2";
			};
			name = Release;
		};
/* End XCBuildConfiguration section */

/* Begin XCConfigurationList section */
		4409D1B726932A01001944F4 /* Build configuration list for PBXProject "Notes" */ = {
			isa = XCConfigurationList;
			buildConfigurations = (
				4409D1D126932A02001944F4 /* Debug */,
				4409D1D226932A02001944F4 /* Release */,
			);
			defaultConfigurationIsVisible = 0;
			defaultConfigurationName = Release;
		};
		4409D1D326932A02001944F4 /* Build configuration list for PBXNativeTarget "Notes" */ = {
			isa = XCConfigurationList;
			buildConfigurations = (
				4409D1D426932A02001944F4 /* Debug */,
				4409D1D526932A02001944F4 /* Release */,
			);
			defaultConfigurationIsVisible = 0;
			defaultConfigurationName = Release;
		};
/* End XCConfigurationList section */

/* Begin XCVersionGroup section */
		4409D1C826932A01001944F4 /* Notes.xcdatamodeld */ = {
			isa = XCVersionGroup;
			children = (
				4409D1C926932A01001944F4 /* Notes.xcdatamodel */,
			);
			currentVersion = 4409D1C926932A01001944F4 /* Notes.xcdatamodel */;
			path = Notes.xcdatamodeld;
			sourceTree = "<group>";
			versionGroupType = wrapper.xcdatamodel;
		};
/* End XCVersionGroup section */
	};
	rootObject = 4409D1B426932A01001944F4 /* Project object */;
}
